
Microsoft Visual Studio Solution File, Format Version 12.00
# Visual Studio Version 17
VisualStudioVersion = 17.1.32421.90
MinimumVisualStudioVersion = 10.0.40219.1
Project("{FAE04EC0-301F-11D3-BF4B-00C04F79EFBC}") = "HealingSpell", "HealingSpell\HealingSpell.csproj", "{1519517D-C433-4F7D-91B7-4C7CAD69F972}"
EndProject
Global
	GlobalSection(SolutionConfigurationPlatforms) = preSolution
		Debug|Any CPU = Debug|Any CPU
		Release|Any CPU = Release|Any CPU
	EndGlobalSection
	GlobalSection(ProjectConfigurationPlatforms) = postSolution
		{1519517D-C433-4F7D-91B7-4C7CAD69F972}.Debug|Any CPU.ActiveCfg = Debug|Any CPU
		{1519517D-C433-4F7D-91B7-4C7CAD69F972}.Debug|Any CPU.Build.0 = Debug|Any CPU
		{1519517D-C433-4F7D-91B7-4C7CAD69F972}.Release|Any CPU.ActiveCfg = Release|Any CPU
		{1519517D-C433-4F7D-91B7-4C7CAD69F972}.Release|Any CPU.Build.0 = Release|Any CPU
	EndGlobalSection
	GlobalSection(SolutionProperties) = preSolution
		HideSolutionNode = FALSE
	EndGlobalSection
	GlobalSection(ExtensibilityGlobals) = postSolution
		SolutionGuid = {BD415B86-F548-41DC-B02F-59A2027E5920}
	EndGlobalSection
EndGlobal
